
Microsoft Visual Studio Solution File, Format Version 12.00
# Visual Studio Version 17
VisualStudioVersion = 17.8.34525.116
MinimumVisualStudioVersion = 10.0.40219.1
Project("{9A19103F-16F7-4668-BE54-9A1E7A4F7556}") = "FilterSort", "FiltroSort\FilterSort.csproj", "{8D932130-5CFC-4942-BD7C-AA4E8CDC6F23}"
EndProject
Project("{9A19103F-16F7-4668-BE54-9A1E7A4F7556}") = "FiltroSortApi", "FiltroSortApi\FiltroSortApi.csproj", "{F1BD4946-66B6-4FB7-B23C-29F70D33554B}"
EndProject
Project("{FAE04EC0-301F-11D3-BF4B-00C04F79EFBC}") = "FilterSortUnitTest", "FilterSortUnitTest\FilterSortUnitTest.csproj", "{04BD513C-811B-4D2C-89BE-E159909D96B7}"
EndProject
Project("{2150E333-8FDC-42A3-9474-1A3956D46DE8}") = "Test", "Test", "{37C585B5-035B-4685-BDCE-1A2A7838E846}"
EndProject
Global
	GlobalSection(SolutionConfigurationPlatforms) = preSolution
		Debug|Any CPU = Debug|Any CPU
		Release|Any CPU = Release|Any CPU
	EndGlobalSection
	GlobalSection(ProjectConfigurationPlatforms) = postSolution
		{8D932130-5CFC-4942-BD7C-AA4E8CDC6F23}.Debug|Any CPU.ActiveCfg = Debug|Any CPU
		{8D932130-5CFC-4942-BD7C-AA4E8CDC6F23}.Debug|Any CPU.Build.0 = Debug|Any CPU
		{8D932130-5CFC-4942-BD7C-AA4E8CDC6F23}.Release|Any CPU.ActiveCfg = Release|Any CPU
		{8D932130-5CFC-4942-BD7C-AA4E8CDC6F23}.Release|Any CPU.Build.0 = Release|Any CPU
		{F1BD4946-66B6-4FB7-B23C-29F70D33554B}.Debug|Any CPU.ActiveCfg = Debug|Any CPU
		{F1BD4946-66B6-4FB7-B23C-29F70D33554B}.Debug|Any CPU.Build.0 = Debug|Any CPU
		{F1BD4946-66B6-4FB7-B23C-29F70D33554B}.Release|Any CPU.ActiveCfg = Release|Any CPU
		{F1BD4946-66B6-4FB7-B23C-29F70D33554B}.Release|Any CPU.Build.0 = Release|Any CPU
		{04BD513C-811B-4D2C-89BE-E159909D96B7}.Debug|Any CPU.ActiveCfg = Debug|Any CPU
		{04BD513C-811B-4D2C-89BE-E159909D96B7}.Debug|Any CPU.Build.0 = Debug|Any CPU
		{04BD513C-811B-4D2C-89BE-E159909D96B7}.Release|Any CPU.ActiveCfg = Release|Any CPU
		{04BD513C-811B-4D2C-89BE-E159909D96B7}.Release|Any CPU.Build.0 = Release|Any CPU
	EndGlobalSection
	GlobalSection(SolutionProperties) = preSolution
		HideSolutionNode = FALSE
	EndGlobalSection
	GlobalSection(NestedProjects) = preSolution
		{04BD513C-811B-4D2C-89BE-E159909D96B7} = {37C585B5-035B-4685-BDCE-1A2A7838E846}
	EndGlobalSection
	GlobalSection(ExtensibilityGlobals) = postSolution
		SolutionGuid = {60F36FA5-362D-43EA-98B9-588F73B4088B}
	EndGlobalSection
EndGlobal
